
Microsoft Visual Studio Solution File, Format Version 12.00
# Visual Studio Version 16
VisualStudioVersion = 16.0.30011.22
MinimumVisualStudioVersion = 10.0.40219.1
Project("{2150E333-8FDC-42A3-9474-1A3956D46DE8}") = "Gallery.Docs", "Gallery.Docs", "{347AA6D3-CE61-4641-B38B-9C36DD068D45}"
	ProjectSection(SolutionItems) = preProject
		..\..\Documents\Gallery.sql = ..\..\Documents\Gallery.sql
	EndProjectSection
EndProject
Project("{2150E333-8FDC-42A3-9474-1A3956D46DE8}") = "Src", "Src", "{5A4E3D27-6B49-4418-8D9C-8919C98F1AC3}"
EndProject
Project("{2150E333-8FDC-42A3-9474-1A3956D46DE8}") = "Presentation", "Presentation", "{1D850F03-150A-471B-8427-D173201C2A2E}"
EndProject
Project("{9A19103F-16F7-4668-BE54-9A1E7A4F7556}") = "WebAPI", "WebAPI\WebAPI.csproj", "{D0D74539-920D-4CEB-B1FF-3C7905CE67A5}"
EndProject
Project("{2150E333-8FDC-42A3-9474-1A3956D46DE8}") = "Core", "Core", "{4F3FF1FD-FE6B-46C3-8475-47568FDDD42A}"
EndProject
Project("{9A19103F-16F7-4668-BE54-9A1E7A4F7556}") = "Domain", "Domain\Domain.csproj", "{74A81A44-7845-448D-9BFA-01A35AF162D3}"
EndProject
Project("{9A19103F-16F7-4668-BE54-9A1E7A4F7556}") = "Application", "Application\Application.csproj", "{25346EBE-E51F-4BA1-B237-BE5373FEC9B8}"
EndProject
Project("{2150E333-8FDC-42A3-9474-1A3956D46DE8}") = "Infrastructure", "Infrastructure", "{5ECF604D-7E91-4DF6-9B7A-F40AFF98EFAF}"
EndProject
Project("{9A19103F-16F7-4668-BE54-9A1E7A4F7556}") = "Persistence", "Persistence\Persistence.csproj", "{E7BE7B9A-06F6-49CA-8FD1-887E453DFE24}"
EndProject
Project("{9A19103F-16F7-4668-BE54-9A1E7A4F7556}") = "Infrastructure", "Infrastructure\Infrastructure.csproj", "{B3A66003-D818-4298-9E3A-408BC3EE5EA9}"
EndProject
Global
	GlobalSection(SolutionConfigurationPlatforms) = preSolution
		Debug|Any CPU = Debug|Any CPU
		Release|Any CPU = Release|Any CPU
	EndGlobalSection
	GlobalSection(ProjectConfigurationPlatforms) = postSolution
		{D0D74539-920D-4CEB-B1FF-3C7905CE67A5}.Debug|Any CPU.ActiveCfg = Debug|Any CPU
		{D0D74539-920D-4CEB-B1FF-3C7905CE67A5}.Debug|Any CPU.Build.0 = Debug|Any CPU
		{D0D74539-920D-4CEB-B1FF-3C7905CE67A5}.Release|Any CPU.ActiveCfg = Release|Any CPU
		{D0D74539-920D-4CEB-B1FF-3C7905CE67A5}.Release|Any CPU.Build.0 = Release|Any CPU
		{74A81A44-7845-448D-9BFA-01A35AF162D3}.Debug|Any CPU.ActiveCfg = Debug|Any CPU
		{74A81A44-7845-448D-9BFA-01A35AF162D3}.Debug|Any CPU.Build.0 = Debug|Any CPU
		{74A81A44-7845-448D-9BFA-01A35AF162D3}.Release|Any CPU.ActiveCfg = Release|Any CPU
		{74A81A44-7845-448D-9BFA-01A35AF162D3}.Release|Any CPU.Build.0 = Release|Any CPU
		{25346EBE-E51F-4BA1-B237-BE5373FEC9B8}.Debug|Any CPU.ActiveCfg = Debug|Any CPU
		{25346EBE-E51F-4BA1-B237-BE5373FEC9B8}.Debug|Any CPU.Build.0 = Debug|Any CPU
		{25346EBE-E51F-4BA1-B237-BE5373FEC9B8}.Release|Any CPU.ActiveCfg = Release|Any CPU
		{25346EBE-E51F-4BA1-B237-BE5373FEC9B8}.Release|Any CPU.Build.0 = Release|Any CPU
		{E7BE7B9A-06F6-49CA-8FD1-887E453DFE24}.Debug|Any CPU.ActiveCfg = Debug|Any CPU
		{E7BE7B9A-06F6-49CA-8FD1-887E453DFE24}.Debug|Any CPU.Build.0 = Debug|Any CPU
		{E7BE7B9A-06F6-49CA-8FD1-887E453DFE24}.Release|Any CPU.ActiveCfg = Release|Any CPU
		{E7BE7B9A-06F6-49CA-8FD1-887E453DFE24}.Release|Any CPU.Build.0 = Release|Any CPU
		{B3A66003-D818-4298-9E3A-408BC3EE5EA9}.Debug|Any CPU.ActiveCfg = Debug|Any CPU
		{B3A66003-D818-4298-9E3A-408BC3EE5EA9}.Debug|Any CPU.Build.0 = Debug|Any CPU
		{B3A66003-D818-4298-9E3A-408BC3EE5EA9}.Release|Any CPU.ActiveCfg = Release|Any CPU
		{B3A66003-D818-4298-9E3A-408BC3EE5EA9}.Release|Any CPU.Build.0 = Release|Any CPU
	EndGlobalSection
	GlobalSection(SolutionProperties) = preSolution
		HideSolutionNode = FALSE
	EndGlobalSection
	GlobalSection(NestedProjects) = preSolution
		{1D850F03-150A-471B-8427-D173201C2A2E} = {5A4E3D27-6B49-4418-8D9C-8919C98F1AC3}
		{D0D74539-920D-4CEB-B1FF-3C7905CE67A5} = {1D850F03-150A-471B-8427-D173201C2A2E}
		{4F3FF1FD-FE6B-46C3-8475-47568FDDD42A} = {5A4E3D27-6B49-4418-8D9C-8919C98F1AC3}
		{74A81A44-7845-448D-9BFA-01A35AF162D3} = {4F3FF1FD-FE6B-46C3-8475-47568FDDD42A}
		{25346EBE-E51F-4BA1-B237-BE5373FEC9B8} = {4F3FF1FD-FE6B-46C3-8475-47568FDDD42A}
		{5ECF604D-7E91-4DF6-9B7A-F40AFF98EFAF} = {5A4E3D27-6B49-4418-8D9C-8919C98F1AC3}
		{E7BE7B9A-06F6-49CA-8FD1-887E453DFE24} = {5ECF604D-7E91-4DF6-9B7A-F40AFF98EFAF}
		{B3A66003-D818-4298-9E3A-408BC3EE5EA9} = {5ECF604D-7E91-4DF6-9B7A-F40AFF98EFAF}
	EndGlobalSection
	GlobalSection(ExtensibilityGlobals) = postSolution
		SolutionGuid = {86CFB25D-DEB9-4595-B946-33F2691F9961}
	EndGlobalSection
EndGlobal
